
Microsoft Visual Studio Solution File, Format Version 12.00
# Visual Studio Version 17
VisualStudioVersion = 17.14.36414.22
MinimumVisualStudioVersion = 10.0.40219.1
Project("{2150E333-8FDC-42A3-9474-1A3956D46DE8}") = "Task0", "Task0", "{02EA681E-C7D8-13C7-8484-4AC65E1B71E8}"
EndProject
Project("{FAE04EC0-301F-11D3-BF4B-00C04F79EFBC}") = "Tyuiu.BukhryakovAY.Sprint6.Task0.V28.Lib", "Tyuiu.BukhryakovAY.Sprint6.Task0.V28.Lib\Tyuiu.BukhryakovAY.Sprint6.Task0.V28.Lib.csproj", "{96132F98-7E60-4AAA-816A-9A09A79EE025}"
EndProject
Project("{FAE04EC0-301F-11D3-BF4B-00C04F79EFBC}") = "Tyuiu.BukhryakovAY.Sprint6.Task0.V28.Test", "Tyuiu.BukhryakovAY.Sprint6.Task0.V28.Test\Tyuiu.BukhryakovAY.Sprint6.Task0.V28.Test.csproj", "{89EC8D3B-2AAC-48BE-B512-EC724DB0007F}"
EndProject
Project("{FAE04EC0-301F-11D3-BF4B-00C04F79EFBC}") = "Tyuiu.BukhryakovAY.Sprint6.Task0.V28", "Tyuiu.BukhryakovAY.Sprint6.Task0.V28\Tyuiu.BukhryakovAY.Sprint6.Task0.V28.csproj", "{220406B6-E8A9-4970-AF62-6D6F0FDF5DAC}"
EndProject
Project("{2150E333-8FDC-42A3-9474-1A3956D46DE8}") = "Task1", "Task1", "{52A127BF-F113-43F9-A823-E170C6697C4D}"
EndProject
Project("{FAE04EC0-301F-11D3-BF4B-00C04F79EFBC}") = "Tyuiu.BukhryakovAY.Sprint6.Task1.V11.Lib", "Tyuiu.BukhryakovAY.Sprint6.Task1.V11.Lib\Tyuiu.BukhryakovAY.Sprint6.Task1.V11.Lib.csproj", "{36A219EB-6930-41B4-8684-10B3EA26871E}"
EndProject
Project("{FAE04EC0-301F-11D3-BF4B-00C04F79EFBC}") = "Tyuiu.BukhryakovAY.Sprint6.Task1.V11.Test", "Tyuiu.BukhryakovAY.Sprint6.Task1.V11.Test\Tyuiu.BukhryakovAY.Sprint6.Task1.V11.Test.csproj", "{FB5C200A-E32D-4641-AEBB-525914CAE45C}"
EndProject
Project("{FAE04EC0-301F-11D3-BF4B-00C04F79EFBC}") = "Tyuiu.BukhryakovAY.Sprint6.Task1.V11", "Tyuiu.BukhryakovAY.Sprint6.Task1.V11\Tyuiu.BukhryakovAY.Sprint6.Task1.V11.csproj", "{0317EE2E-7B45-4ABB-8150-D53304E59449}"
EndProject
Project("{2150E333-8FDC-42A3-9474-1A3956D46DE8}") = "Task2", "Task2", "{5C1DAA9D-88A9-455A-8213-FF84CC7E5183}"
EndProject
Project("{FAE04EC0-301F-11D3-BF4B-00C04F79EFBC}") = "Tyuiu.BukhryakovAY.Sprint6.Task2.V8", "Tyuiu.BukhryakovAY.Sprint6.Task2.V8\Tyuiu.BukhryakovAY.Sprint6.Task2.V8.csproj", "{EFDCD6D0-10A0-4E44-A4F5-9AC4B4F65D6A}"
EndProject
Project("{FAE04EC0-301F-11D3-BF4B-00C04F79EFBC}") = "Tyuiu.BukhryakovAY.Sprint6.Task2.V8.Lib", "Tyuiu.BukhryakovAY.Sprint6.Task2.V8.Lib\Tyuiu.BukhryakovAY.Sprint6.Task2.V8.Lib.csproj", "{8965D879-086C-48BA-94FE-42B6DCEF9CB0}"
EndProject
Project("{FAE04EC0-301F-11D3-BF4B-00C04F79EFBC}") = "Tyuiu.BukhryakovAY.Sprint6.Task2.V8.Test", "Tyuiu.BukhryakovAY.Sprint6.Task2.V8.Test\Tyuiu.BukhryakovAY.Sprint6.Task2.V8.Test.csproj", "{30C9D92A-1BA1-42AF-B8BA-898734373E67}"
EndProject
Project("{FAE04EC0-301F-11D3-BF4B-00C04F79EFBC}") = "Tyuiu.BukhryakovAY.Sprint6.Task3.V14", "Tyuiu.BukhryakovAY.Sprint6.Task3.V14\Tyuiu.BukhryakovAY.Sprint6.Task3.V14.csproj", "{4704EF88-E446-45CF-A8D7-9E467F680FE5}"
EndProject
Project("{2150E333-8FDC-42A3-9474-1A3956D46DE8}") = "Task3", "Task3", "{66C5D39F-D703-4A10-BA64-6C78408A1978}"
EndProject
Project("{FAE04EC0-301F-11D3-BF4B-00C04F79EFBC}") = "Tyuiu.BukhryakovAY.Sprint6.Task3.V14.Lib", "Tyuiu.BukhryakovAY.Sprint6.Task3.V14.Lib\Tyuiu.BukhryakovAY.Sprint6.Task3.V14.Lib.csproj", "{5CEB4877-BC53-461F-8A9F-5C541ADCECB6}"
EndProject
Project("{FAE04EC0-301F-11D3-BF4B-00C04F79EFBC}") = "Tyuiu.BukhryakovAY.Sprint6.Task3.V14.Test", "Tyuiu.BukhryakovAY.Sprint6.Task3.V14.Test\Tyuiu.BukhryakovAY.Sprint6.Task3.V14.Test.csproj", "{FAB9C3E0-E918-430C-A0A7-0EECCE538BD9}"
EndProject
Project("{2150E333-8FDC-42A3-9474-1A3956D46DE8}") = "Task4", "Task4", "{83CECBE5-66EB-471B-971F-9406E9B36A6D}"
EndProject
Project("{FAE04EC0-301F-11D3-BF4B-00C04F79EFBC}") = "Tyuiu.BukhryakovAY.Sprint6.Task4.V21", "Tyuiu.BukhryakovAY.Sprint6.Task4.V21\Tyuiu.BukhryakovAY.Sprint6.Task4.V21.csproj", "{45297E47-6E3B-48E6-ACC5-87C09E1461A5}"
EndProject
Project("{FAE04EC0-301F-11D3-BF4B-00C04F79EFBC}") = "Tyuiu.BukhryakovAY.Sprint6.Task4.V21.Lib", "Tyuiu.BukhryakovAY.Sprint6.Task4.V21.Lib\Tyuiu.BukhryakovAY.Sprint6.Task4.V21.Lib.csproj", "{05BBEE0A-EA28-4E67-96B7-DAAA497E1F12}"
EndProject
Project("{FAE04EC0-301F-11D3-BF4B-00C04F79EFBC}") = "Tyuiu.BukhryakovAY.Sprint6.Task4.V21.Test", "Tyuiu.BukhryakovAY.Sprint6.Task4.V21.Test\Tyuiu.BukhryakovAY.Sprint6.Task4.V21.Test.csproj", "{E197D725-2029-49C4-ACCA-601B79ACC6FA}"
EndProject
Project("{2150E333-8FDC-42A3-9474-1A3956D46DE8}") = "Task5", "Task5", "{63F12C8F-3341-4A1E-A625-15E293B2A912}"
EndProject
Project("{FAE04EC0-301F-11D3-BF4B-00C04F79EFBC}") = "Tyuiu.BukhryakovAY.Sprint6.Task5.V11", "Tyuiu.BukhryakovAY.Sprint6.Task5.V11\Tyuiu.BukhryakovAY.Sprint6.Task5.V11.csproj", "{6BC78DA8-2922-4618-9BE4-829CD943C4CA}"
EndProject
Project("{FAE04EC0-301F-11D3-BF4B-00C04F79EFBC}") = "Tyuiu.BukhryakovAY.Sprint6.Task5.V11.Lib", "Tyuiu.BukhryakovAY.Sprint6.Task5.V11.Lib\Tyuiu.BukhryakovAY.Sprint6.Task5.V11.Lib.csproj", "{754B8C8D-2E51-4A62-90EE-1F725D5963EC}"
EndProject
Project("{FAE04EC0-301F-11D3-BF4B-00C04F79EFBC}") = "Tyuiu.BukhryakovAY.Sprint6.Task5.V11.Test", "Tyuiu.BukhryakovAY.Sprint6.Task5.V11.Test\Tyuiu.BukhryakovAY.Sprint6.Task5.V11.Test.csproj", "{D8F7F06C-3BF8-432D-8A82-04BD6E200A75}"
EndProject
Project("{2150E333-8FDC-42A3-9474-1A3956D46DE8}") = "Task6", "Task6", "{702D3509-25C3-4769-BC8B-3F8707220CBA}"
EndProject
Project("{FAE04EC0-301F-11D3-BF4B-00C04F79EFBC}") = "Tyuiu.BukhryakovAY.Sprint6.Task6.V20.Lib", "Tyuiu.BukhryakovAY.Sprint6.Task6.V20.Lib\Tyuiu.BukhryakovAY.Sprint6.Task6.V20.Lib.csproj", "{A927F84E-A071-4FB8-AC7C-F6F955EA183B}"
EndProject
Project("{FAE04EC0-301F-11D3-BF4B-00C04F79EFBC}") = "Tyuiu.BukhryakovAY.Sprint6.Task6.V20.Test", "Tyuiu.BukhryakovAY.Sprint6.Task6.V20.Test\Tyuiu.BukhryakovAY.Sprint6.Task6.V20.Test.csproj", "{EA7A7C4B-4227-4BEC-B16A-93C1A400CB0A}"
EndProject
Project("{FAE04EC0-301F-11D3-BF4B-00C04F79EFBC}") = "Tyuiu.BukhryakovAY.Sprint6.Task6.V20", "Tyuiu.BukhryakovAY.Sprint6.Task6.V20\Tyuiu.BukhryakovAY.Sprint6.Task6.V20.csproj", "{A82F9235-008D-42EF-9655-E681EE3A72DF}"
EndProject
Global
	GlobalSection(SolutionConfigurationPlatforms) = preSolution
		Debug|Any CPU = Debug|Any CPU
		Release|Any CPU = Release|Any CPU
	EndGlobalSection
	GlobalSection(ProjectConfigurationPlatforms) = postSolution
		{96132F98-7E60-4AAA-816A-9A09A79EE025}.Debug|Any CPU.ActiveCfg = Debug|Any CPU
		{96132F98-7E60-4AAA-816A-9A09A79EE025}.Debug|Any CPU.Build.0 = Debug|Any CPU
		{96132F98-7E60-4AAA-816A-9A09A79EE025}.Release|Any CPU.ActiveCfg = Release|Any CPU
		{96132F98-7E60-4AAA-816A-9A09A79EE025}.Release|Any CPU.Build.0 = Release|Any CPU
		{89EC8D3B-2AAC-48BE-B512-EC724DB0007F}.Debug|Any CPU.ActiveCfg = Debug|Any CPU
		{89EC8D3B-2AAC-48BE-B512-EC724DB0007F}.Debug|Any CPU.Build.0 = Debug|Any CPU
		{89EC8D3B-2AAC-48BE-B512-EC724DB0007F}.Release|Any CPU.ActiveCfg = Release|Any CPU
		{89EC8D3B-2AAC-48BE-B512-EC724DB0007F}.Release|Any CPU.Build.0 = Release|Any CPU
		{220406B6-E8A9-4970-AF62-6D6F0FDF5DAC}.Debug|Any CPU.ActiveCfg = Debug|Any CPU
		{220406B6-E8A9-4970-AF62-6D6F0FDF5DAC}.Debug|Any CPU.Build.0 = Debug|Any CPU
		{220406B6-E8A9-4970-AF62-6D6F0FDF5DAC}.Release|Any CPU.ActiveCfg = Release|Any CPU
		{220406B6-E8A9-4970-AF62-6D6F0FDF5DAC}.Release|Any CPU.Build.0 = Release|Any CPU
		{36A219EB-6930-41B4-8684-10B3EA26871E}.Debug|Any CPU.ActiveCfg = Debug|Any CPU
		{36A219EB-6930-41B4-8684-10B3EA26871E}.Debug|Any CPU.Build.0 = Debug|Any CPU
		{36A219EB-6930-41B4-8684-10B3EA26871E}.Release|Any CPU.ActiveCfg = Release|Any CPU
		{36A219EB-6930-41B4-8684-10B3EA26871E}.Release|Any CPU.Build.0 = Release|Any CPU
		{FB5C200A-E32D-4641-AEBB-525914CAE45C}.Debug|Any CPU.ActiveCfg = Debug|Any CPU
		{FB5C200A-E32D-4641-AEBB-525914CAE45C}.Debug|Any CPU.Build.0 = Debug|Any CPU
		{FB5C200A-E32D-4641-AEBB-525914CAE45C}.Release|Any CPU.ActiveCfg = Release|Any CPU
		{FB5C200A-E32D-4641-AEBB-525914CAE45C}.Release|Any CPU.Build.0 = Release|Any CPU
		{0317EE2E-7B45-4ABB-8150-D53304E59449}.Debug|Any CPU.ActiveCfg = Debug|Any CPU
		{0317EE2E-7B45-4ABB-8150-D53304E59449}.Debug|Any CPU.Build.0 = Debug|Any CPU
		{0317EE2E-7B45-4ABB-8150-D53304E59449}.Release|Any CPU.ActiveCfg = Release|Any CPU
		{0317EE2E-7B45-4ABB-8150-D53304E59449}.Release|Any CPU.Build.0 = Release|Any CPU
		{EFDCD6D0-10A0-4E44-A4F5-9AC4B4F65D6A}.Debug|Any CPU.ActiveCfg = Debug|Any CPU
		{EFDCD6D0-10A0-4E44-A4F5-9AC4B4F65D6A}.Debug|Any CPU.Build.0 = Debug|Any CPU
		{EFDCD6D0-10A0-4E44-A4F5-9AC4B4F65D6A}.Release|Any CPU.ActiveCfg = Release|Any CPU
		{EFDCD6D0-10A0-4E44-A4F5-9AC4B4F65D6A}.Release|Any CPU.Build.0 = Release|Any CPU
		{8965D879-086C-48BA-94FE-42B6DCEF9CB0}.Debug|Any CPU.ActiveCfg = Debug|Any CPU
		{8965D879-086C-48BA-94FE-42B6DCEF9CB0}.Debug|Any CPU.Build.0 = Debug|Any CPU
		{8965D879-086C-48BA-94FE-42B6DCEF9CB0}.Release|Any CPU.ActiveCfg = Release|Any CPU
		{8965D879-086C-48BA-94FE-42B6DCEF9CB0}.Release|Any CPU.Build.0 = Release|Any CPU
		{30C9D92A-1BA1-42AF-B8BA-898734373E67}.Debug|Any CPU.ActiveCfg = Debug|Any CPU
		{30C9D92A-1BA1-42AF-B8BA-898734373E67}.Debug|Any CPU.Build.0 = Debug|Any CPU
		{30C9D92A-1BA1-42AF-B8BA-898734373E67}.Release|Any CPU.ActiveCfg = Release|Any CPU
		{30C9D92A-1BA1-42AF-B8BA-898734373E67}.Release|Any CPU.Build.0 = Release|Any CPU
		{4704EF88-E446-45CF-A8D7-9E467F680FE5}.Debug|Any CPU.ActiveCfg = Debug|Any CPU
		{4704EF88-E446-45CF-A8D7-9E467F680FE5}.Debug|Any CPU.Build.0 = Debug|Any CPU
		{4704EF88-E446-45CF-A8D7-9E467F680FE5}.Release|Any CPU.ActiveCfg = Release|Any CPU
		{4704EF88-E446-45CF-A8D7-9E467F680FE5}.Release|Any CPU.Build.0 = Release|Any CPU
		{5CEB4877-BC53-461F-8A9F-5C541ADCECB6}.Debug|Any CPU.ActiveCfg = Debug|Any CPU
		{5CEB4877-BC53-461F-8A9F-5C541ADCECB6}.Debug|Any CPU.Build.0 = Debug|Any CPU
		{5CEB4877-BC53-461F-8A9F-5C541ADCECB6}.Release|Any CPU.ActiveCfg = Release|Any CPU
		{5CEB4877-BC53-461F-8A9F-5C541ADCECB6}.Release|Any CPU.Build.0 = Release|Any CPU
		{FAB9C3E0-E918-430C-A0A7-0EECCE538BD9}.Debug|Any CPU.ActiveCfg = Debug|Any CPU
		{FAB9C3E0-E918-430C-A0A7-0EECCE538BD9}.Debug|Any CPU.Build.0 = Debug|Any CPU
		{FAB9C3E0-E918-430C-A0A7-0EECCE538BD9}.Release|Any CPU.ActiveCfg = Release|Any CPU
		{FAB9C3E0-E918-430C-A0A7-0EECCE538BD9}.Release|Any CPU.Build.0 = Release|Any CPU
		{45297E47-6E3B-48E6-ACC5-87C09E1461A5}.Debug|Any CPU.ActiveCfg = Debug|Any CPU
		{45297E47-6E3B-48E6-ACC5-87C09E1461A5}.Debug|Any CPU.Build.0 = Debug|Any CPU
		{45297E47-6E3B-48E6-ACC5-87C09E1461A5}.Release|Any CPU.ActiveCfg = Release|Any CPU
		{45297E47-6E3B-48E6-ACC5-87C09E1461A5}.Release|Any CPU.Build.0 = Release|Any CPU
		{05BBEE0A-EA28-4E67-96B7-DAAA497E1F12}.Debug|Any CPU.ActiveCfg = Debug|Any CPU
		{05BBEE0A-EA28-4E67-96B7-DAAA497E1F12}.Debug|Any CPU.Build.0 = Debug|Any CPU
		{05BBEE0A-EA28-4E67-96B7-DAAA497E1F12}.Release|Any CPU.ActiveCfg = Release|Any CPU
		{05BBEE0A-EA28-4E67-96B7-DAAA497E1F12}.Release|Any CPU.Build.0 = Release|Any CPU
		{E197D725-2029-49C4-ACCA-601B79ACC6FA}.Debug|Any CPU.ActiveCfg = Debug|Any CPU
		{E197D725-2029-49C4-ACCA-601B79ACC6FA}.Debug|Any CPU.Build.0 = Debug|Any CPU
		{E197D725-2029-49C4-ACCA-601B79ACC6FA}.Release|Any CPU.ActiveCfg = Release|Any CPU
		{E197D725-2029-49C4-ACCA-601B79ACC6FA}.Release|Any CPU.Build.0 = Release|Any CPU
		{6BC78DA8-2922-4618-9BE4-829CD943C4CA}.Debug|Any CPU.ActiveCfg = Debug|Any CPU
		{6BC78DA8-2922-4618-9BE4-829CD943C4CA}.Debug|Any CPU.Build.0 = Debug|Any CPU
		{6BC78DA8-2922-4618-9BE4-829CD943C4CA}.Release|Any CPU.ActiveCfg = Release|Any CPU
		{6BC78DA8-2922-4618-9BE4-829CD943C4CA}.Release|Any CPU.Build.0 = Release|Any CPU
		{754B8C8D-2E51-4A62-90EE-1F725D5963EC}.Debug|Any CPU.ActiveCfg = Debug|Any CPU
		{754B8C8D-2E51-4A62-90EE-1F725D5963EC}.Debug|Any CPU.Build.0 = Debug|Any CPU
		{754B8C8D-2E51-4A62-90EE-1F725D5963EC}.Release|Any CPU.ActiveCfg = Release|Any CPU
		{754B8C8D-2E51-4A62-90EE-1F725D5963EC}.Release|Any CPU.Build.0 = Release|Any CPU
		{D8F7F06C-3BF8-432D-8A82-04BD6E200A75}.Debug|Any CPU.ActiveCfg = Debug|Any CPU
		{D8F7F06C-3BF8-432D-8A82-04BD6E200A75}.Debug|Any CPU.Build.0 = Debug|Any CPU
		{D8F7F06C-3BF8-432D-8A82-04BD6E200A75}.Release|Any CPU.ActiveCfg = Release|Any CPU
		{D8F7F06C-3BF8-432D-8A82-04BD6E200A75}.Release|Any CPU.Build.0 = Release|Any CPU
		{A927F84E-A071-4FB8-AC7C-F6F955EA183B}.Debug|Any CPU.ActiveCfg = Debug|Any CPU
		{A927F84E-A071-4FB8-AC7C-F6F955EA183B}.Debug|Any CPU.Build.0 = Debug|Any CPU
		{A927F84E-A071-4FB8-AC7C-F6F955EA183B}.Release|Any CPU.ActiveCfg = Release|Any CPU
		{A927F84E-A071-4FB8-AC7C-F6F955EA183B}.Release|Any CPU.Build.0 = Release|Any CPU
		{EA7A7C4B-4227-4BEC-B16A-93C1A400CB0A}.Debug|Any CPU.ActiveCfg = Debug|Any CPU
		{EA7A7C4B-4227-4BEC-B16A-93C1A400CB0A}.Debug|Any CPU.Build.0 = Debug|Any CPU
		{EA7A7C4B-4227-4BEC-B16A-93C1A400CB0A}.Release|Any CPU.ActiveCfg = Release|Any CPU
		{EA7A7C4B-4227-4BEC-B16A-93C1A400CB0A}.Release|Any CPU.Build.0 = Release|Any CPU
		{A82F9235-008D-42EF-9655-E681EE3A72DF}.Debug|Any CPU.ActiveCfg = Debug|Any CPU
		{A82F9235-008D-42EF-9655-E681EE3A72DF}.Debug|Any CPU.Build.0 = Debug|Any CPU
		{A82F9235-008D-42EF-9655-E681EE3A72DF}.Release|Any CPU.ActiveCfg = Release|Any CPU
		{A82F9235-008D-42EF-9655-E681EE3A72DF}.Release|Any CPU.Build.0 = Release|Any CPU
	EndGlobalSection
	GlobalSection(SolutionProperties) = preSolution
		HideSolutionNode = FALSE
	EndGlobalSection
	GlobalSection(NestedProjects) = preSolution
		{96132F98-7E60-4AAA-816A-9A09A79EE025} = {02EA681E-C7D8-13C7-8484-4AC65E1B71E8}
		{89EC8D3B-2AAC-48BE-B512-EC724DB0007F} = {02EA681E-C7D8-13C7-8484-4AC65E1B71E8}
		{220406B6-E8A9-4970-AF62-6D6F0FDF5DAC} = {02EA681E-C7D8-13C7-8484-4AC65E1B71E8}
		{36A219EB-6930-41B4-8684-10B3EA26871E} = {52A127BF-F113-43F9-A823-E170C6697C4D}
		{FB5C200A-E32D-4641-AEBB-525914CAE45C} = {52A127BF-F113-43F9-A823-E170C6697C4D}
		{0317EE2E-7B45-4ABB-8150-D53304E59449} = {52A127BF-F113-43F9-A823-E170C6697C4D}
		{EFDCD6D0-10A0-4E44-A4F5-9AC4B4F65D6A} = {5C1DAA9D-88A9-455A-8213-FF84CC7E5183}
		{8965D879-086C-48BA-94FE-42B6DCEF9CB0} = {5C1DAA9D-88A9-455A-8213-FF84CC7E5183}
		{30C9D92A-1BA1-42AF-B8BA-898734373E67} = {5C1DAA9D-88A9-455A-8213-FF84CC7E5183}
		{4704EF88-E446-45CF-A8D7-9E467F680FE5} = {66C5D39F-D703-4A10-BA64-6C78408A1978}
		{5CEB4877-BC53-461F-8A9F-5C541ADCECB6} = {66C5D39F-D703-4A10-BA64-6C78408A1978}
		{FAB9C3E0-E918-430C-A0A7-0EECCE538BD9} = {66C5D39F-D703-4A10-BA64-6C78408A1978}
		{45297E47-6E3B-48E6-ACC5-87C09E1461A5} = {83CECBE5-66EB-471B-971F-9406E9B36A6D}
		{05BBEE0A-EA28-4E67-96B7-DAAA497E1F12} = {83CECBE5-66EB-471B-971F-9406E9B36A6D}
		{E197D725-2029-49C4-ACCA-601B79ACC6FA} = {83CECBE5-66EB-471B-971F-9406E9B36A6D}
		{6BC78DA8-2922-4618-9BE4-829CD943C4CA} = {63F12C8F-3341-4A1E-A625-15E293B2A912}
		{754B8C8D-2E51-4A62-90EE-1F725D5963EC} = {63F12C8F-3341-4A1E-A625-15E293B2A912}
		{D8F7F06C-3BF8-432D-8A82-04BD6E200A75} = {63F12C8F-3341-4A1E-A625-15E293B2A912}
		{A927F84E-A071-4FB8-AC7C-F6F955EA183B} = {702D3509-25C3-4769-BC8B-3F8707220CBA}
		{EA7A7C4B-4227-4BEC-B16A-93C1A400CB0A} = {702D3509-25C3-4769-BC8B-3F8707220CBA}
		{A82F9235-008D-42EF-9655-E681EE3A72DF} = {702D3509-25C3-4769-BC8B-3F8707220CBA}
	EndGlobalSection
	GlobalSection(ExtensibilityGlobals) = postSolution
		SolutionGuid = {FCC74AF8-4944-47A1-B244-279CCEA5B022}
	EndGlobalSection
EndGlobal
